
Microsoft Visual Studio Solution File, Format Version 12.00
# Visual Studio Version 16
VisualStudioVersion = 16.0.31112.23
MinimumVisualStudioVersion = 10.0.40219.1
Project("{FAE04EC0-301F-11D3-BF4B-00C04F79EFBC}") = "MyApp_React", "MyApp_React\MyApp_React.csproj", "{D76C990B-D2F7-4092-A226-50130ACF0EFA}"
EndProject
Global
	GlobalSection(SolutionConfigurationPlatforms) = preSolution
		Debug|Any CPU = Debug|Any CPU
		Release|Any CPU = Release|Any CPU
	EndGlobalSection
	GlobalSection(ProjectConfigurationPlatforms) = postSolution
		{D76C990B-D2F7-4092-A226-50130ACF0EFA}.Debug|Any CPU.ActiveCfg = Debug|Any CPU
		{D76C990B-D2F7-4092-A226-50130ACF0EFA}.Debug|Any CPU.Build.0 = Debug|Any CPU
		{D76C990B-D2F7-4092-A226-50130ACF0EFA}.Release|Any CPU.ActiveCfg = Release|Any CPU
		{D76C990B-D2F7-4092-A226-50130ACF0EFA}.Release|Any CPU.Build.0 = Release|Any CPU
	EndGlobalSection
	GlobalSection(SolutionProperties) = preSolution
		HideSolutionNode = FALSE
	EndGlobalSection
	GlobalSection(ExtensibilityGlobals) = postSolution
		SolutionGuid = {6791E71B-AE24-4547-BF65-06DF3FF26632}
	EndGlobalSection
EndGlobal
